
Microsoft Visual Studio Solution File, Format Version 12.00
# Visual Studio 15
VisualStudioVersion = 15.0.28307.852
MinimumVisualStudioVersion = 10.0.40219.1
Project("{FAE04EC0-301F-11D3-BF4B-00C04F79EFBC}") = "TwoWarriors", "TwoWarriors\TwoWarriors.csproj", "{C5A19C27-A364-47A7-9347-FF2DE3552DFA}"
EndProject
Global
	GlobalSection(SolutionConfigurationPlatforms) = preSolution
		Debug|Any CPU = Debug|Any CPU
		Release|Any CPU = Release|Any CPU
	EndGlobalSection
	GlobalSection(ProjectConfigurationPlatforms) = postSolution
		{C5A19C27-A364-47A7-9347-FF2DE3552DFA}.Debug|Any CPU.ActiveCfg = Debug|Any CPU
		{C5A19C27-A364-47A7-9347-FF2DE3552DFA}.Debug|Any CPU.Build.0 = Debug|Any CPU
		{C5A19C27-A364-47A7-9347-FF2DE3552DFA}.Release|Any CPU.ActiveCfg = Release|Any CPU
		{C5A19C27-A364-47A7-9347-FF2DE3552DFA}.Release|Any CPU.Build.0 = Release|Any CPU
	EndGlobalSection
	GlobalSection(SolutionProperties) = preSolution
		HideSolutionNode = FALSE
	EndGlobalSection
	GlobalSection(ExtensibilityGlobals) = postSolution
		SolutionGuid = {915D1451-E9EF-4D0D-B824-53C94EADCE7C}
	EndGlobalSection
EndGlobal
